
Microsoft Visual Studio Solution File, Format Version 12.00
# Visual Studio Version 17
VisualStudioVersion = 17.6.33723.286
MinimumVisualStudioVersion = 10.0.40219.1
Project("{FAE04EC0-301F-11D3-BF4B-00C04F79EFBC}") = "PhumlaKaMnandiHotelManagementSystem", "PhumlaKaMnandiHotelManagementSystem.csproj", "{F30E5205-E94A-4666-8361-C9F9A1903D92}"
EndProject
Global
	GlobalSection(SolutionConfigurationPlatforms) = preSolution
		Debug|Any CPU = Debug|Any CPU
		Release|Any CPU = Release|Any CPU
	EndGlobalSection
	GlobalSection(ProjectConfigurationPlatforms) = postSolution
		{F30E5205-E94A-4666-8361-C9F9A1903D92}.Debug|Any CPU.ActiveCfg = Debug|Any CPU
		{F30E5205-E94A-4666-8361-C9F9A1903D92}.Debug|Any CPU.Build.0 = Debug|Any CPU
		{F30E5205-E94A-4666-8361-C9F9A1903D92}.Release|Any CPU.ActiveCfg = Release|Any CPU
		{F30E5205-E94A-4666-8361-C9F9A1903D92}.Release|Any CPU.Build.0 = Release|Any CPU
	EndGlobalSection
	GlobalSection(SolutionProperties) = preSolution
		HideSolutionNode = FALSE
	EndGlobalSection
	GlobalSection(ExtensibilityGlobals) = postSolution
		SolutionGuid = {B5EFD6E4-D024-4CBC-B827-E9F90A414DB0}
	EndGlobalSection
EndGlobal
